
Microsoft Visual Studio Solution File, Format Version 12.00
# Visual Studio Version 17
VisualStudioVersion = 17.0.31903.59
MinimumVisualStudioVersion = 10.0.40219.1
Project("{2150E333-8FDC-42A3-9474-1A3956D46DE8}") = "src", "src", "{827E0CD3-B72D-47B6-A68D-7590B98EB39B}"
EndProject
Project("{FAE04EC0-301F-11D3-BF4B-00C04F79EFBC}") = "ThinkDiary.Desktop", "src\ThinkDiary.Desktop\ThinkDiary.Desktop.csproj", "{E36BF948-FBEF-4967-B704-5AD9CAD8A4B1}"
EndProject
Project("{FAE04EC0-301F-11D3-BF4B-00C04F79EFBC}") = "ThinkDiary.Core", "src\ThinkDiary.Core\ThinkDiary.Core.csproj", "{07DFCBC3-FB69-48BA-BFE9-2D9C3268FAFA}"
EndProject
Project("{FAE04EC0-301F-11D3-BF4B-00C04F79EFBC}") = "ThinkDiary.Data", "src\ThinkDiary.Data\ThinkDiary.Data.csproj", "{C776B485-9BD8-4BA4-A238-940B007EE348}"
EndProject
Project("{FAE04EC0-301F-11D3-BF4B-00C04F79EFBC}") = "ThinkDiary.AI", "src\ThinkDiary.AI\ThinkDiary.AI.csproj", "{820AA72D-E9AB-4ED9-BD05-D36394A07717}"
EndProject
Project("{FAE04EC0-301F-11D3-BF4B-00C04F79EFBC}") = "ThinkDiary.Tests", "src\ThinkDiary.Tests\ThinkDiary.Tests.csproj", "{20A43ECA-F111-446E-A57E-61E32B04344E}"
EndProject
Global
	GlobalSection(SolutionConfigurationPlatforms) = preSolution
		Debug|Any CPU = Debug|Any CPU
		Debug|x64 = Debug|x64
		Debug|x86 = Debug|x86
		Release|Any CPU = Release|Any CPU
		Release|x64 = Release|x64
		Release|x86 = Release|x86
	EndGlobalSection
	GlobalSection(ProjectConfigurationPlatforms) = postSolution
		{E36BF948-FBEF-4967-B704-5AD9CAD8A4B1}.Debug|Any CPU.ActiveCfg = Debug|Any CPU
		{E36BF948-FBEF-4967-B704-5AD9CAD8A4B1}.Debug|Any CPU.Build.0 = Debug|Any CPU
		{E36BF948-FBEF-4967-B704-5AD9CAD8A4B1}.Debug|x64.ActiveCfg = Debug|Any CPU
		{E36BF948-FBEF-4967-B704-5AD9CAD8A4B1}.Debug|x64.Build.0 = Debug|Any CPU
		{E36BF948-FBEF-4967-B704-5AD9CAD8A4B1}.Debug|x86.ActiveCfg = Debug|Any CPU
		{E36BF948-FBEF-4967-B704-5AD9CAD8A4B1}.Debug|x86.Build.0 = Debug|Any CPU
		{E36BF948-FBEF-4967-B704-5AD9CAD8A4B1}.Release|Any CPU.ActiveCfg = Release|Any CPU
		{E36BF948-FBEF-4967-B704-5AD9CAD8A4B1}.Release|Any CPU.Build.0 = Release|Any CPU
		{E36BF948-FBEF-4967-B704-5AD9CAD8A4B1}.Release|x64.ActiveCfg = Release|Any CPU
		{E36BF948-FBEF-4967-B704-5AD9CAD8A4B1}.Release|x64.Build.0 = Release|Any CPU
		{E36BF948-FBEF-4967-B704-5AD9CAD8A4B1}.Release|x86.ActiveCfg = Release|Any CPU
		{E36BF948-FBEF-4967-B704-5AD9CAD8A4B1}.Release|x86.Build.0 = Release|Any CPU
		{07DFCBC3-FB69-48BA-BFE9-2D9C3268FAFA}.Debug|Any CPU.ActiveCfg = Debug|Any CPU
		{07DFCBC3-FB69-48BA-BFE9-2D9C3268FAFA}.Debug|Any CPU.Build.0 = Debug|Any CPU
		{07DFCBC3-FB69-48BA-BFE9-2D9C3268FAFA}.Debug|x64.ActiveCfg = Debug|Any CPU
		{07DFCBC3-FB69-48BA-BFE9-2D9C3268FAFA}.Debug|x64.Build.0 = Debug|Any CPU
		{07DFCBC3-FB69-48BA-BFE9-2D9C3268FAFA}.Debug|x86.ActiveCfg = Debug|Any CPU
		{07DFCBC3-FB69-48BA-BFE9-2D9C3268FAFA}.Debug|x86.Build.0 = Debug|Any CPU
		{07DFCBC3-FB69-48BA-BFE9-2D9C3268FAFA}.Release|Any CPU.ActiveCfg = Release|Any CPU
		{07DFCBC3-FB69-48BA-BFE9-2D9C3268FAFA}.Release|Any CPU.Build.0 = Release|Any CPU
		{07DFCBC3-FB69-48BA-BFE9-2D9C3268FAFA}.Release|x64.ActiveCfg = Release|Any CPU
		{07DFCBC3-FB69-48BA-BFE9-2D9C3268FAFA}.Release|x64.Build.0 = Release|Any CPU
		{07DFCBC3-FB69-48BA-BFE9-2D9C3268FAFA}.Release|x86.ActiveCfg = Release|Any CPU
		{07DFCBC3-FB69-48BA-BFE9-2D9C3268FAFA}.Release|x86.Build.0 = Release|Any CPU
		{C776B485-9BD8-4BA4-A238-940B007EE348}.Debug|Any CPU.ActiveCfg = Debug|Any CPU
		{C776B485-9BD8-4BA4-A238-940B007EE348}.Debug|Any CPU.Build.0 = Debug|Any CPU
		{C776B485-9BD8-4BA4-A238-940B007EE348}.Debug|x64.ActiveCfg = Debug|Any CPU
		{C776B485-9BD8-4BA4-A238-940B007EE348}.Debug|x64.Build.0 = Debug|Any CPU
		{C776B485-9BD8-4BA4-A238-940B007EE348}.Debug|x86.ActiveCfg = Debug|Any CPU
		{C776B485-9BD8-4BA4-A238-940B007EE348}.Debug|x86.Build.0 = Debug|Any CPU
		{C776B485-9BD8-4BA4-A238-940B007EE348}.Release|Any CPU.ActiveCfg = Release|Any CPU
		{C776B485-9BD8-4BA4-A238-940B007EE348}.Release|Any CPU.Build.0 = Release|Any CPU
		{C776B485-9BD8-4BA4-A238-940B007EE348}.Release|x64.ActiveCfg = Release|Any CPU
		{C776B485-9BD8-4BA4-A238-940B007EE348}.Release|x64.Build.0 = Release|Any CPU
		{C776B485-9BD8-4BA4-A238-940B007EE348}.Release|x86.ActiveCfg = Release|Any CPU
		{C776B485-9BD8-4BA4-A238-940B007EE348}.Release|x86.Build.0 = Release|Any CPU
		{820AA72D-E9AB-4ED9-BD05-D36394A07717}.Debug|Any CPU.ActiveCfg = Debug|Any CPU
		{820AA72D-E9AB-4ED9-BD05-D36394A07717}.Debug|Any CPU.Build.0 = Debug|Any CPU
		{820AA72D-E9AB-4ED9-BD05-D36394A07717}.Debug|x64.ActiveCfg = Debug|Any CPU
		{820AA72D-E9AB-4ED9-BD05-D36394A07717}.Debug|x64.Build.0 = Debug|Any CPU
		{820AA72D-E9AB-4ED9-BD05-D36394A07717}.Debug|x86.ActiveCfg = Debug|Any CPU
		{820AA72D-E9AB-4ED9-BD05-D36394A07717}.Debug|x86.Build.0 = Debug|Any CPU
		{820AA72D-E9AB-4ED9-BD05-D36394A07717}.Release|Any CPU.ActiveCfg = Release|Any CPU
		{820AA72D-E9AB-4ED9-BD05-D36394A07717}.Release|Any CPU.Build.0 = Release|Any CPU
		{820AA72D-E9AB-4ED9-BD05-D36394A07717}.Release|x64.ActiveCfg = Release|Any CPU
		{820AA72D-E9AB-4ED9-BD05-D36394A07717}.Release|x64.Build.0 = Release|Any CPU
		{820AA72D-E9AB-4ED9-BD05-D36394A07717}.Release|x86.ActiveCfg = Release|Any CPU
		{820AA72D-E9AB-4ED9-BD05-D36394A07717}.Release|x86.Build.0 = Release|Any CPU
		{20A43ECA-F111-446E-A57E-61E32B04344E}.Debug|Any CPU.ActiveCfg = Debug|Any CPU
		{20A43ECA-F111-446E-A57E-61E32B04344E}.Debug|Any CPU.Build.0 = Debug|Any CPU
		{20A43ECA-F111-446E-A57E-61E32B04344E}.Debug|x64.ActiveCfg = Debug|Any CPU
		{20A43ECA-F111-446E-A57E-61E32B04344E}.Debug|x64.Build.0 = Debug|Any CPU
		{20A43ECA-F111-446E-A57E-61E32B04344E}.Debug|x86.ActiveCfg = Debug|Any CPU
		{20A43ECA-F111-446E-A57E-61E32B04344E}.Debug|x86.Build.0 = Debug|Any CPU
		{20A43ECA-F111-446E-A57E-61E32B04344E}.Release|Any CPU.ActiveCfg = Release|Any CPU
		{20A43ECA-F111-446E-A57E-61E32B04344E}.Release|Any CPU.Build.0 = Release|Any CPU
		{20A43ECA-F111-446E-A57E-61E32B04344E}.Release|x64.ActiveCfg = Release|Any CPU
		{20A43ECA-F111-446E-A57E-61E32B04344E}.Release|x64.Build.0 = Release|Any CPU
		{20A43ECA-F111-446E-A57E-61E32B04344E}.Release|x86.ActiveCfg = Release|Any CPU
		{20A43ECA-F111-446E-A57E-61E32B04344E}.Release|x86.Build.0 = Release|Any CPU
	EndGlobalSection
	GlobalSection(SolutionProperties) = preSolution
		HideSolutionNode = FALSE
	EndGlobalSection
	GlobalSection(NestedProjects) = preSolution
		{E36BF948-FBEF-4967-B704-5AD9CAD8A4B1} = {827E0CD3-B72D-47B6-A68D-7590B98EB39B}
		{07DFCBC3-FB69-48BA-BFE9-2D9C3268FAFA} = {827E0CD3-B72D-47B6-A68D-7590B98EB39B}
		{C776B485-9BD8-4BA4-A238-940B007EE348} = {827E0CD3-B72D-47B6-A68D-7590B98EB39B}
		{820AA72D-E9AB-4ED9-BD05-D36394A07717} = {827E0CD3-B72D-47B6-A68D-7590B98EB39B}
		{20A43ECA-F111-446E-A57E-61E32B04344E} = {827E0CD3-B72D-47B6-A68D-7590B98EB39B}
	EndGlobalSection
EndGlobal
